// !$*UTF8*$!
{
	archiveVersion = 1;
	classes = {
	};
	objectVersion = 50;
	objects = {

/* Begin PBXBuildFile section */
		55023F1723C8A66100E09916 /* GoogleService-Info.plist in Resources */ = {isa = PBXBuildFile; fileRef = 55023F1623C8A66100E09916 /* GoogleService-Info.plist */; };
		5505006D23C7596F0057F381 /* TabBarController.swift in Sources */ = {isa = PBXBuildFile; fileRef = 5505006C23C7596F0057F381 /* TabBarController.swift */; };
		5508B27C23C867ED005BF660 /* ImageSelectViewController.swift in Sources */ = {isa = PBXBuildFile; fileRef = 5510888523C60031009DDEA4 /* ImageSelectViewController.swift */; };
		5510886E23C5FE92009DDEA4 /* AppDelegate.swift in Sources */ = {isa = PBXBuildFile; fileRef = 5510886D23C5FE92009DDEA4 /* AppDelegate.swift */; };
		5510887023C5FE92009DDEA4 /* SceneDelegate.swift in Sources */ = {isa = PBXBuildFile; fileRef = 5510886F23C5FE92009DDEA4 /* SceneDelegate.swift */; };
		5510887523C5FE92009DDEA4 /* Main.storyboard in Resources */ = {isa = PBXBuildFile; fileRef = 5510887323C5FE92009DDEA4 /* Main.storyboard */; };
		5510887723C5FE95009DDEA4 /* Assets.xcassets in Resources */ = {isa = PBXBuildFile; fileRef = 5510887623C5FE95009DDEA4 /* Assets.xcassets */; };
		5510887A23C5FE95009DDEA4 /* LaunchScreen.storyboard in Resources */ = {isa = PBXBuildFile; fileRef = 5510887823C5FE95009DDEA4 /* LaunchScreen.storyboard */; };
		5510888223C5FF3F009DDEA4 /* LoginViewController.swift in Sources */ = {isa = PBXBuildFile; fileRef = 5510888123C5FF3F009DDEA4 /* LoginViewController.swift */; };
		5510888423C60018009DDEA4 /* HomeViewController.swift in Sources */ = {isa = PBXBuildFile; fileRef = 5510888323C60018009DDEA4 /* HomeViewController.swift */; };
		5510888823C6004F009DDEA4 /* PostViewController.swift in Sources */ = {isa = PBXBuildFile; fileRef = 5510888723C6004F009DDEA4 /* PostViewController.swift */; };
		5510888A23C6007B009DDEA4 /* SettingViewController.swift in Sources */ = {isa = PBXBuildFile; fileRef = 5510888923C6007B009DDEA4 /* SettingViewController.swift */; };
		C0E9F87F6A2F425E02D80FBC /* Pods_Instagram.framework in Frameworks */ = {isa = PBXBuildFile; fileRef = F85425EF235C12214D624815 /* Pods_Instagram.framework */; };
/* End PBXBuildFile section */

/* Begin PBXFileReference section */
		55023F1623C8A66100E09916 /* GoogleService-Info.plist */ = {isa = PBXFileReference; fileEncoding = 4; lastKnownFileType = text.plist.xml; path = "GoogleService-Info.plist"; sourceTree = "<group>"; };
		5505006C23C7596F0057F381 /* TabBarController.swift */ = {isa = PBXFileReference; lastKnownFileType = sourcecode.swift; path = TabBarController.swift; sourceTree = "<group>"; };
		5510886A23C5FE92009DDEA4 /* Instagram.app */ = {isa = PBXFileReference; explicitFileType = wrapper.application; includeInIndex = 0; path = Instagram.app; sourceTree = BUILT_PRODUCTS_DIR; };
		5510886D23C5FE92009DDEA4 /* AppDelegate.swift */ = {isa = PBXFileReference; lastKnownFileType = sourcecode.swift; path = AppDelegate.swift; sourceTree = "<group>"; };
		5510886F23C5FE92009DDEA4 /* SceneDelegate.swift */ = {isa = PBXFileReference; lastKnownFileType = sourcecode.swift; path = SceneDelegate.swift; sourceTree = "<group>"; };
		5510887423C5FE92009DDEA4 /* Base */ = {isa = PBXFileReference; lastKnownFileType = file.storyboard; name = Base; path = Base.lproj/Main.storyboard; sourceTree = "<group>"; };
		5510887623C5FE95009DDEA4 /* Assets.xcassets */ = {isa = PBXFileReference; lastKnownFileType = folder.assetcatalog; path = Assets.xcassets; sourceTree = "<group>"; };
		5510887923C5FE95009DDEA4 /* Base */ = {isa = PBXFileReference; lastKnownFileType = file.storyboard; name = Base; path = Base.lproj/LaunchScreen.storyboard; sourceTree = "<group>"; };
		5510887B23C5FE95009DDEA4 /* Info.plist */ = {isa = PBXFileReference; lastKnownFileType = text.plist.xml; path = Info.plist; sourceTree = "<group>"; };
		5510888123C5FF3F009DDEA4 /* LoginViewController.swift */ = {isa = PBXFileReference; lastKnownFileType = sourcecode.swift; path = LoginViewController.swift; sourceTree = "<group>"; };
		5510888323C60018009DDEA4 /* HomeViewController.swift */ = {isa = PBXFileReference; lastKnownFileType = sourcecode.swift; path = HomeViewController.swift; sourceTree = "<group>"; };
		5510888523C60031009DDEA4 /* ImageSelectViewController.swift */ = {isa = PBXFileReference; lastKnownFileType = sourcecode.swift; path = ImageSelectViewController.swift; sourceTree = "<group>"; };
		5510888723C6004F009DDEA4 /* PostViewController.swift */ = {isa = PBXFileReference; lastKnownFileType = sourcecode.swift; path = PostViewController.swift; sourceTree = "<group>"; };
		5510888923C6007B009DDEA4 /* SettingViewController.swift */ = {isa = PBXFileReference; lastKnownFileType = sourcecode.swift; path = SettingViewController.swift; sourceTree = "<group>"; };
		CE70702B007864323541D226 /* Pods-Instagram.release.xcconfig */ = {isa = PBXFileReference; includeInIndex = 1; lastKnownFileType = text.xcconfig; name = "Pods-Instagram.release.xcconfig"; path = "Target Support Files/Pods-Instagram/Pods-Instagram.release.xcconfig"; sourceTree = "<group>"; };
		ECB7C2B5635111CC27294086 /* Pods-Instagram.debug.xcconfig */ = {isa = PBXFileReference; includeInIndex = 1; lastKnownFileType = text.xcconfig; name = "Pods-Instagram.debug.xcconfig"; path = "Target Support Files/Pods-Instagram/Pods-Instagram.debug.xcconfig"; sourceTree = "<group>"; };
		F85425EF235C12214D624815 /* Pods_Instagram.framework */ = {isa = PBXFileReference; explicitFileType = wrapper.framework; includeInIndex = 0; path = Pods_Instagram.framework; sourceTree = BUILT_PRODUCTS_DIR; };
/* End PBXFileReference section */

/* Begin PBXFrameworksBuildPhase section */
		5510886723C5FE92009DDEA4 /* Frameworks */ = {
			isa = PBXFrameworksBuildPhase;
			buildActionMask = 2147483647;
			files = (
				C0E9F87F6A2F425E02D80FBC /* Pods_Instagram.framework in Frameworks */,
			);
			runOnlyForDeploymentPostprocessing = 0;
		};
/* End PBXFrameworksBuildPhase section */

/* Begin PBXGroup section */
		42EFD7BA432F4D34CCF72E1B /* Frameworks */ = {
			isa = PBXGroup;
			children = (
				F85425EF235C12214D624815 /* Pods_Instagram.framework */,
			);
			name = Frameworks;
			sourceTree = "<group>";
		};
		5510886123C5FE92009DDEA4 = {
			isa = PBXGroup;
			children = (
				5510886C23C5FE92009DDEA4 /* Instagram */,
				5510886B23C5FE92009DDEA4 /* Products */,
				926BAD2CC53DDE9E692DD377 /* Pods */,
				42EFD7BA432F4D34CCF72E1B /* Frameworks */,
			);
			sourceTree = "<group>";
		};
		5510886B23C5FE92009DDEA4 /* Products */ = {
			isa = PBXGroup;
			children = (
				5510886A23C5FE92009DDEA4 /* Instagram.app */,
			);
			name = Products;
			sourceTree = "<group>";
		};
		5510886C23C5FE92009DDEA4 /* Instagram */ = {
			isa = PBXGroup;
			children = (
				5510886D23C5FE92009DDEA4 /* AppDelegate.swift */,
				5510886F23C5FE92009DDEA4 /* SceneDelegate.swift */,
				5505006C23C7596F0057F381 /* TabBarController.swift */,
				5510888123C5FF3F009DDEA4 /* LoginViewController.swift */,
				5510888323C60018009DDEA4 /* HomeViewController.swift */,
				5510888523C60031009DDEA4 /* ImageSelectViewController.swift */,
				5510888723C6004F009DDEA4 /* PostViewController.swift */,
				5510888923C6007B009DDEA4 /* SettingViewController.swift */,
				5510887323C5FE92009DDEA4 /* Main.storyboard */,
				5510887623C5FE95009DDEA4 /* Assets.xcassets */,
				5510887823C5FE95009DDEA4 /* LaunchScreen.storyboard */,
				5510887B23C5FE95009DDEA4 /* Info.plist */,
				55023F1623C8A66100E09916 /* GoogleService-Info.plist */,
			);
			path = Instagram;
			sourceTree = "<group>";
		};
		926BAD2CC53DDE9E692DD377 /* Pods */ = {
			isa = PBXGroup;
			children = (
				ECB7C2B5635111CC27294086 /* Pods-Instagram.debug.xcconfig */,
				CE70702B007864323541D226 /* Pods-Instagram.release.xcconfig */,
			);
			name = Pods;
			path = Pods;
			sourceTree = "<group>";
		};
/* End PBXGroup section */

/* Begin PBXNativeTarget section */
		5510886923C5FE92009DDEA4 /* Instagram */ = {
			isa = PBXNativeTarget;
			buildConfigurationList = 5510887E23C5FE95009DDEA4 /* Build configuration list for PBXNativeTarget "Instagram" */;
			buildPhases = (
				EED5832A5114F67191C860C9 /* [CP] Check Pods Manifest.lock */,
				5510886623C5FE92009DDEA4 /* Sources */,
				5510886723C5FE92009DDEA4 /* Frameworks */,
				5510886823C5FE92009DDEA4 /* Resources */,
				9254841BFB4A872AECB7F58F /* [CP] Embed Pods Frameworks */,
			);
			buildRules = (
			);
			dependencies = (
			);
			name = Instagram;
			productName = Instagram;
			productReference = 5510886A23C5FE92009DDEA4 /* Instagram.app */;
			productType = "com.apple.product-type.application";
		};
/* End PBXNativeTarget section */

/* Begin PBXProject section */
		5510886223C5FE92009DDEA4 /* Project object */ = {
			isa = PBXProject;
			attributes = {
				LastSwiftUpdateCheck = 1130;
				LastUpgradeCheck = 1130;
				ORGANIZATIONNAME = ryosuke.aoki;
				TargetAttributes = {
					5510886923C5FE92009DDEA4 = {
						CreatedOnToolsVersion = 11.3;
					};
				};
			};
			buildConfigurationList = 5510886523C5FE92009DDEA4 /* Build configuration list for PBXProject "Instagram" */;
			compatibilityVersion = "Xcode 9.3";
			developmentRegion = en;
			hasScannedForEncodings = 0;
			knownRegions = (
				en,
				Base,
			);
			mainGroup = 5510886123C5FE92009DDEA4;
			productRefGroup = 5510886B23C5FE92009DDEA4 /* Products */;
			projectDirPath = "";
			projectRoot = "";
			targets = (
				5510886923C5FE92009DDEA4 /* Instagram */,
			);
		};
/* End PBXProject section */

/* Begin PBXResourcesBuildPhase section */
		5510886823C5FE92009DDEA4 /* Resources */ = {
			isa = PBXResourcesBuildPhase;
			buildActionMask = 2147483647;
			files = (
				5510887A23C5FE95009DDEA4 /* LaunchScreen.storyboard in Resources */,
				5510887723C5FE95009DDEA4 /* Assets.xcassets in Resources */,
				5510887523C5FE92009DDEA4 /* Main.storyboard in Resources */,
				55023F1723C8A66100E09916 /* GoogleService-Info.plist in Resources */,
			);
			runOnlyForDeploymentPostprocessing = 0;
		};
/* End PBXResourcesBuildPhase section */

/* Begin PBXShellScriptBuildPhase section */
		9254841BFB4A872AECB7F58F /* [CP] Embed Pods Frameworks */ = {
			isa = PBXShellScriptBuildPhase;
			buildActionMask = 2147483647;
			files = (
			);
			inputFileListPaths = (
				"${PODS_ROOT}/Target Support Files/Pods-Instagram/Pods-Instagram-frameworks-${CONFIGURATION}-input-files.xcfilelist",
			);
			name = "[CP] Embed Pods Frameworks";
			outputFileListPaths = (
				"${PODS_ROOT}/Target Support Files/Pods-Instagram/Pods-Instagram-frameworks-${CONFIGURATION}-output-files.xcfilelist",
			);
			runOnlyForDeploymentPostprocessing = 0;
			shellPath = /bin/sh;
			shellScript = "\"${PODS_ROOT}/Target Support Files/Pods-Instagram/Pods-Instagram-frameworks.sh\"\n";
			showEnvVarsInLog = 0;
		};
		EED5832A5114F67191C860C9 /* [CP] Check Pods Manifest.lock */ = {
			isa = PBXShellScriptBuildPhase;
			buildActionMask = 2147483647;
			files = (
			);
			inputFileListPaths = (
			);
			inputPaths = (
				"${PODS_PODFILE_DIR_PATH}/Podfile.lock",
				"${PODS_ROOT}/Manifest.lock",
			);
			name = "[CP] Check Pods Manifest.lock";
			outputFileListPaths = (
			);
			outputPaths = (
				"$(DERIVED_FILE_DIR)/Pods-Instagram-checkManifestLockResult.txt",
			);
			runOnlyForDeploymentPostprocessing = 0;
			shellPath = /bin/sh;
			shellScript = "diff \"${PODS_PODFILE_DIR_PATH}/Podfile.lock\" \"${PODS_ROOT}/Manifest.lock\" > /dev/null\nif [ $? != 0 ] ; then\n    # print error to STDERR\n    echo \"error: The sandbox is not in sync with the Podfile.lock. Run 'pod install' or update your CocoaPods installation.\" >&2\n    exit 1\nfi\n# This output is used by Xcode 'outputs' to avoid re-running this script phase.\necho \"SUCCESS\" > \"${SCRIPT_OUTPUT_FILE_0}\"\n";
			showEnvVarsInLog = 0;
		};
/* End PBXShellScriptBuildPhase section */

/* Begin PBXSourcesBuildPhase section */
		5510886623C5FE92009DDEA4 /* Sources */ = {
			isa = PBXSourcesBuildPhase;
			buildActionMask = 2147483647;
			files = (
				5505006D23C7596F0057F381 /* TabBarController.swift in Sources */,
				5510888423C60018009DDEA4 /* HomeViewController.swift in Sources */,
				5510888823C6004F009DDEA4 /* PostViewController.swift in Sources */,
				5510888A23C6007B009DDEA4 /* SettingViewController.swift in Sources */,
				5508B27C23C867ED005BF660 /* ImageSelectViewController.swift in Sources */,
				5510888223C5FF3F009DDEA4 /* LoginViewController.swift in Sources */,
				5510886E23C5FE92009DDEA4 /* AppDelegate.swift in Sources */,
				5510887023C5FE92009DDEA4 /* SceneDelegate.swift in Sources */,
			);
			runOnlyForDeploymentPostprocessing = 0;
		};
/* End PBXSourcesBuildPhase section */

/* Begin PBXVariantGroup section */
		5510887323C5FE92009DDEA4 /* Main.storyboard */ = {
			isa = PBXVariantGroup;
			children = (
				5510887423C5FE92009DDEA4 /* Base */,
			);
			name = Main.storyboard;
			sourceTree = "<group>";
		};
		5510887823C5FE95009DDEA4 /* LaunchScreen.storyboard */ = {
			isa = PBXVariantGroup;
			children = (
				5510887923C5FE95009DDEA4 /* Base */,
			);
			name = LaunchScreen.storyboard;
			sourceTree = "<group>";
		};
/* End PBXVariantGroup section */

/* Begin XCBuildConfiguration section */
		5510887C23C5FE95009DDEA4 /* Debug */ = {
			isa = XCBuildConfiguration;
			buildSettings = {
				ALWAYS_SEARCH_USER_PATHS = NO;
				CLANG_ANALYZER_NONNULL = YES;
				CLANG_ANALYZER_NUMBER_OBJECT_CONVERSION = YES_AGGRESSIVE;
				CLANG_CXX_LANGUAGE_STANDARD = "gnu++14";
				CLANG_CXX_LIBRARY = "libc++";
				CLANG_ENABLE_MODULES = YES;
				CLANG_ENABLE_OBJC_ARC = YES;
				CLANG_ENABLE_OBJC_WEAK = YES;
				CLANG_WARN_BLOCK_CAPTURE_AUTORELEASING = YES;
				CLANG_WARN_BOOL_CONVERSION = YES;
				CLANG_WARN_COMMA = YES;
				CLANG_WARN_CONSTANT_CONVERSION = YES;
				CLANG_WARN_DEPRECATED_OBJC_IMPLEMENTATIONS = YES;
				CLANG_WARN_DIRECT_OBJC_ISA_USAGE = YES_ERROR;
				CLANG_WARN_DOCUMENTATION_COMMENTS = YES;
				CLANG_WARN_EMPTY_BODY = YES;
				CLANG_WARN_ENUM_CONVERSION = YES;
				CLANG_WARN_INFINITE_RECURSION = YES;
				CLANG_WARN_INT_CONVERSION = YES;
				CLANG_WARN_NON_LITERAL_NULL_CONVERSION = YES;
				CLANG_WARN_OBJC_IMPLICIT_RETAIN_SELF = YES;
				CLANG_WARN_OBJC_LITERAL_CONVERSION = YES;
				CLANG_WARN_OBJC_ROOT_CLASS = YES_ERROR;
				CLANG_WARN_RANGE_LOOP_ANALYSIS = YES;
				CLANG_WARN_STRICT_PROTOTYPES = YES;
				CLANG_WARN_SUSPICIOUS_MOVE = YES;
				CLANG_WARN_UNGUARDED_AVAILABILITY = YES_AGGRESSIVE;
				CLANG_WARN_UNREACHABLE_CODE = YES;
				CLANG_WARN__DUPLICATE_METHOD_MATCH = YES;
				COPY_PHASE_STRIP = NO;
				DEBUG_INFORMATION_FORMAT = dwarf;
				ENABLE_STRICT_OBJC_MSGSEND = YES;
				ENABLE_TESTABILITY = YES;
				GCC_C_LANGUAGE_STANDARD = gnu11;
				GCC_DYNAMIC_NO_PIC = NO;
				GCC_NO_COMMON_BLOCKS = YES;
				GCC_OPTIMIZATION_LEVEL = 0;
				GCC_PREPROCESSOR_DEFINITIONS = (
					"DEBUG=1",
					"$(inherited)",
				);
				GCC_WARN_64_TO_32_BIT_CONVERSION = YES;
				GCC_WARN_ABOUT_RETURN_TYPE = YES_ERROR;
				GCC_WARN_UNDECLARED_SELECTOR = YES;
				GCC_WARN_UNINITIALIZED_AUTOS = YES_AGGRESSIVE;
				GCC_WARN_UNUSED_FUNCTION = YES;
				GCC_WARN_UNUSED_VARIABLE = YES;
				IPHONEOS_DEPLOYMENT_TARGET = 13.2;
				MTL_ENABLE_DEBUG_INFO = INCLUDE_SOURCE;
				MTL_FAST_MATH = YES;
				ONLY_ACTIVE_ARCH = YES;
				SDKROOT = iphoneos;
				SWIFT_ACTIVE_COMPILATION_CONDITIONS = DEBUG;
				SWIFT_OPTIMIZATION_LEVEL = "-Onone";
			};
			name = Debug;
		};
		5510887D23C5FE95009DDEA4 /* Release */ = {
			isa = XCBuildConfiguration;
			buildSettings = {
				ALWAYS_SEARCH_USER_PATHS = NO;
				CLANG_ANALYZER_NONNULL = YES;
				CLANG_ANALYZER_NUMBER_OBJECT_CONVERSION = YES_AGGRESSIVE;
				CLANG_CXX_LANGUAGE_STANDARD = "gnu++14";
				CLANG_CXX_LIBRARY = "libc++";
				CLANG_ENABLE_MODULES = YES;
				CLANG_ENABLE_OBJC_ARC = YES;
				CLANG_ENABLE_OBJC_WEAK = YES;
				CLANG_WARN_BLOCK_CAPTURE_AUTORELEASING = YES;
				CLANG_WARN_BOOL_CONVERSION = YES;
				CLANG_WARN_COMMA = YES;
				CLANG_WARN_CONSTANT_CONVERSION = YES;
				CLANG_WARN_DEPRECATED_OBJC_IMPLEMENTATIONS = YES;
				CLANG_WARN_DIRECT_OBJC_ISA_USAGE = YES_ERROR;
				CLANG_WARN_DOCUMENTATION_COMMENTS = YES;
				CLANG_WARN_EMPTY_BODY = YES;
				CLANG_WARN_ENUM_CONVERSION = YES;
				CLANG_WARN_INFINITE_RECURSION = YES;
				CLANG_WARN_INT_CONVERSION = YES;
				CLANG_WARN_NON_LITERAL_NULL_CONVERSION = YES;
				CLANG_WARN_OBJC_IMPLICIT_RETAIN_SELF = YES;
				CLANG_WARN_OBJC_LITERAL_CONVERSION = YES;
				CLANG_WARN_OBJC_ROOT_CLASS = YES_ERROR;
				CLANG_WARN_RANGE_LOOP_ANALYSIS = YES;
				CLANG_WARN_STRICT_PROTOTYPES = YES;
				CLANG_WARN_SUSPICIOUS_MOVE = YES;
				CLANG_WARN_UNGUARDED_AVAILABILITY = YES_AGGRESSIVE;
				CLANG_WARN_UNREACHABLE_CODE = YES;
				CLANG_WARN__DUPLICATE_METHOD_MATCH = YES;
				COPY_PHASE_STRIP = NO;
				DEBUG_INFORMATION_FORMAT = "dwarf-with-dsym";
				ENABLE_NS_ASSERTIONS = NO;
				ENABLE_STRICT_OBJC_MSGSEND = YES;
				GCC_C_LANGUAGE_STANDARD = gnu11;
				GCC_NO_COMMON_BLOCKS = YES;
				GCC_WARN_64_TO_32_BIT_CONVERSION = YES;
				GCC_WARN_ABOUT_RETURN_TYPE = YES_ERROR;
				GCC_WARN_UNDECLARED_SELECTOR = YES;
				GCC_WARN_UNINITIALIZED_AUTOS = YES_AGGRESSIVE;
				GCC_WARN_UNUSED_FUNCTION = YES;
				GCC_WARN_UNUSED_VARIABLE = YES;
				IPHONEOS_DEPLOYMENT_TARGET = 13.2;
				MTL_ENABLE_DEBUG_INFO = NO;
				MTL_FAST_MATH = YES;
				SDKROOT = iphoneos;
				SWIFT_COMPILATION_MODE = wholemodule;
				SWIFT_OPTIMIZATION_LEVEL = "-O";
				VALIDATE_PRODUCT = YES;
			};
			name = Release;
		};
		5510887F23C5FE95009DDEA4 /* Debug */ = {
			isa = XCBuildConfiguration;
			baseConfigurationReference = ECB7C2B5635111CC27294086 /* Pods-Instagram.debug.xcconfig */;
			buildSettings = {
				ASSETCATALOG_COMPILER_APPICON_NAME = AppIcon;
				CODE_SIGN_STYLE = Automatic;
				DEVELOPMENT_TEAM = 5Y8BLX36D2;
				INFOPLIST_FILE = Instagram/Info.plist;
				LD_RUNPATH_SEARCH_PATHS = (
					"$(inherited)",
					"@executable_path/Frameworks",
				);
				PRODUCT_BUNDLE_IDENTIFIER = jp.techacademy.ryosuke.aoki.Instagram;
				PRODUCT_NAME = "$(TARGET_NAME)";
				SWIFT_VERSION = 5.0;
				TARGETED_DEVICE_FAMILY = 1;
			};
			name = Debug;
		};
		5510888023C5FE95009DDEA4 /* Release */ = {
			isa = XCBuildConfiguration;
			baseConfigurationReference = CE70702B007864323541D226 /* Pods-Instagram.release.xcconfig */;
			buildSettings = {
				ASSETCATALOG_COMPILER_APPICON_NAME = AppIcon;
				CODE_SIGN_STYLE = Automatic;
				DEVELOPMENT_TEAM = 5Y8BLX36D2;
				INFOPLIST_FILE = Instagram/Info.plist;
				LD_RUNPATH_SEARCH_PATHS = (
					"$(inherited)",
					"@executable_path/Frameworks",
				);
				PRODUCT_BUNDLE_IDENTIFIER = jp.techacademy.ryosuke.aoki.Instagram;
				PRODUCT_NAME = "$(TARGET_NAME)";
				SWIFT_VERSION = 5.0;
				TARGETED_DEVICE_FAMILY = 1;
			};
			name = Release;
		};
/* End XCBuildConfiguration section */

/* Begin XCConfigurationList section */
		5510886523C5FE92009DDEA4 /* Build configuration list for PBXProject "Instagram" */ = {
			isa = XCConfigurationList;
			buildConfigurations = (
				5510887C23C5FE95009DDEA4 /* Debug */,
				5510887D23C5FE95009DDEA4 /* Release */,
			);
			defaultConfigurationIsVisible = 0;
			defaultConfigurationName = Release;
		};
		5510887E23C5FE95009DDEA4 /* Build configuration list for PBXNativeTarget "Instagram" */ = {
			isa = XCConfigurationList;
			buildConfigurations = (
				5510887F23C5FE95009DDEA4 /* Debug */,
				5510888023C5FE95009DDEA4 /* Release */,
			);
			defaultConfigurationIsVisible = 0;
			defaultConfigurationName = Release;
		};
/* End XCConfigurationList section */
	};
	rootObject = 5510886223C5FE92009DDEA4 /* Project object */;
}
